
Microsoft Visual Studio Solution File, Format Version 12.00
# Visual Studio Version 17
VisualStudioVersion = 17.3.32929.385
MinimumVisualStudioVersion = 10.0.40219.1
Project("{FAE04EC0-301F-11D3-BF4B-00C04F79EFBC}") = "AgenciaBackEnd", "AgenciaBackEnd\AgenciaBackEnd.csproj", "{5DA05EEC-CBAE-4F65-8FE1-F9BCD8C9B774}"
EndProject
Global
	GlobalSection(SolutionConfigurationPlatforms) = preSolution
		Debug|Any CPU = Debug|Any CPU
		Release|Any CPU = Release|Any CPU
	EndGlobalSection
	GlobalSection(ProjectConfigurationPlatforms) = postSolution
		{5DA05EEC-CBAE-4F65-8FE1-F9BCD8C9B774}.Debug|Any CPU.ActiveCfg = Debug|Any CPU
		{5DA05EEC-CBAE-4F65-8FE1-F9BCD8C9B774}.Debug|Any CPU.Build.0 = Debug|Any CPU
		{5DA05EEC-CBAE-4F65-8FE1-F9BCD8C9B774}.Release|Any CPU.ActiveCfg = Release|Any CPU
		{5DA05EEC-CBAE-4F65-8FE1-F9BCD8C9B774}.Release|Any CPU.Build.0 = Release|Any CPU
	EndGlobalSection
	GlobalSection(SolutionProperties) = preSolution
		HideSolutionNode = FALSE
	EndGlobalSection
	GlobalSection(ExtensibilityGlobals) = postSolution
		SolutionGuid = {C9959763-7F7C-49DE-B4AE-52E35279C608}
	EndGlobalSection
EndGlobal
